{
  "version": "5",
  "specifiers": {
    "npm:supabase@^2.107.0": "2.107.0"
  },
  "npm": {
    "@supabase/cli-darwin-arm64@2.107.0": {
      "integrity": "sha512-930MojHei14+PrGNF0QzlPJAjOYilCofgO9aTtKiQ6x36ZUI7dc4ujl5VzccC/19ex/f4ird0lH1d2U92MwDqQ==",
      "os": ["darwin"],
      "cpu": ["arm64"]
    },
    "@supabase/cli-darwin-x64@2.107.0": {
      "integrity": "sha512-qcnichkHiCCNybtCqoeqYO6q8WuTxilaah18QilZskEM+zCSdV5rOXXfeF1BPexRxsvGYbghZ+fEQfWp7+lOUQ==",
      "os": ["darwin"],
      "cpu": ["x64"]
    },
    "@supabase/cli-linux-arm64-musl@2.107.0": {
      "integrity": "sha512-5se1bYRIzivL+ehImnwFjBpzKZ+AwLS6/cBg6lvJOJdWatuaK9Edu6wOZAmPjVMy4vZRJ27tdL+3F7N+Vk64AA==",
      "os": ["linux"],
      "cpu": ["arm64"]
    },
    "@supabase/cli-linux-arm64@2.107.0": {
      "integrity": "sha512-an0dsOhPcLQXZ0sFEBm6NU1HFUjXCStHxetfJvgt4u7SiH/EyDMLfDvV7W9ef56bgG+3hoWHtih2Kplj3cecQA==",
      "os": ["linux"],
      "cpu": ["arm64"]
    },
    "@supabase/cli-linux-x64-musl@2.107.0": {
      "integrity": "sha512-gXDzvDsmmJw9HbeVRFD6xboGwbu/cpBp84ZESEcXKyB8Onvs3igWKwoXMofx+ppFM1EaZb/flTwJ77b19EMD1A==",
      "os": ["linux"],
      "cpu": ["x64"]
    },
    "@supabase/cli-linux-x64@2.107.0": {
      "integrity": "sha512-8ttnpfBFEXk0JFmH6gw8ZCVcMa/UNH1sD6iG9PQLbK2eXdZ6kDIzGs5g+CEvxZ3j6HxEIYn9h9rfxoqGoBUgwA==",
      "os": ["linux"],
      "cpu": ["x64"]
    },
    "@supabase/cli-windows-arm64@2.107.0": {
      "integrity": "sha512-V/4q5dbDgBQXhDAJaHamTm9u/kY2UJ4nNibVKOYMaLh9q7H74b8unteJ+rYHSwWZy0EIT8DTDryGP6xatKQicw==",
      "os": ["win32"],
      "cpu": ["arm64"]
    },
    "@supabase/cli-windows-x64@2.107.0": {
      "integrity": "sha512-ciDDFUGHt6bFjtVD00cojFhB5oscZAyjPo2vg94RGUeKHXx1zo/UzfMvUlCA32y5b5KONZ4TKStCHhlFK7Clrw==",
      "os": ["win32"],
      "cpu": ["x64"]
    },
    "supabase@2.107.0": {
      "integrity": "sha512-qYAbm3D//buhnY5v4L//IrBQhowN2Jd2kx16hNyOfu0+TVuWVIR1L5WsS/YOk+UJh3Ch5ABmqKebWpwn1p0ysg==",
      "optionalDependencies": [
        "@supabase/cli-darwin-arm64",
        "@supabase/cli-darwin-x64",
        "@supabase/cli-linux-arm64",
        "@supabase/cli-linux-arm64-musl",
        "@supabase/cli-linux-x64",
        "@supabase/cli-linux-x64-musl",
        "@supabase/cli-windows-arm64",
        "@supabase/cli-windows-x64"
      ],
      "bin": true
    }
  },
  "workspace": {
    "packageJson": {
      "dependencies": [
        "npm:supabase@^2.107.0"
      ]
    }
  }
}
